
Microsoft Visual Studio Solution File, Format Version 12.00
# Visual Studio Express 15 for Windows Desktop
VisualStudioVersion = 15.0.27703.2026
MinimumVisualStudioVersion = 10.0.40219.1
Project("{FAE04EC0-301F-11D3-BF4B-00C04F79EFBC}") = "ConsoleApp1", "ConsoleApp1\ConsoleApp1.csproj", "{610A6E51-50A6-4952-BD23-EC86E355D9A5}"
EndProject
Global
	GlobalSection(SolutionConfigurationPlatforms) = preSolution
		Debug|Any CPU = Debug|Any CPU
		Release|Any CPU = Release|Any CPU
	EndGlobalSection
	GlobalSection(ProjectConfigurationPlatforms) = postSolution
		{610A6E51-50A6-4952-BD23-EC86E355D9A5}.Debug|Any CPU.ActiveCfg = Debug|Any CPU
		{610A6E51-50A6-4952-BD23-EC86E355D9A5}.Debug|Any CPU.Build.0 = Debug|Any CPU
		{610A6E51-50A6-4952-BD23-EC86E355D9A5}.Release|Any CPU.ActiveCfg = Release|Any CPU
		{610A6E51-50A6-4952-BD23-EC86E355D9A5}.Release|Any CPU.Build.0 = Release|Any CPU
	EndGlobalSection
	GlobalSection(SolutionProperties) = preSolution
		HideSolutionNode = FALSE
	EndGlobalSection
	GlobalSection(ExtensibilityGlobals) = postSolution
		SolutionGuid = {94241FCE-84CC-45F0-9BE4-B1179D2D34A9}
	EndGlobalSection
EndGlobal
